
Microsoft Visual Studio Solution File, Format Version 12.00
# Visual Studio Version 17
VisualStudioVersion = 17.12.35527.113 d17.12
MinimumVisualStudioVersion = 10.0.40219.1
Project("{FAE04EC0-301F-11D3-BF4B-00C04F79EFBC}") = "RegularCustomer", "RegularCustomer\RegularCustomer.csproj", "{5D8808DD-E820-4904-ADA3-DDD5EBEEF330}"
EndProject
Project("{FAE04EC0-301F-11D3-BF4B-00C04F79EFBC}") = "Librarian", "Librarian\Librarian.csproj", "{59CCF95C-7303-4318-A96A-054ECE852C78}"
EndProject
Project("{FAE04EC0-301F-11D3-BF4B-00C04F79EFBC}") = "JackBuilder", "JackBuilder\JackBuilder.csproj", "{9DC1F63D-1C8D-41F3-99C9-B619CAE5C0FC}"
EndProject
Global
	GlobalSection(SolutionConfigurationPlatforms) = preSolution
		Debug|Any CPU = Debug|Any CPU
		Release|Any CPU = Release|Any CPU
	EndGlobalSection
	GlobalSection(ProjectConfigurationPlatforms) = postSolution
		{5D8808DD-E820-4904-ADA3-DDD5EBEEF330}.Debug|Any CPU.ActiveCfg = Debug|Any CPU
		{5D8808DD-E820-4904-ADA3-DDD5EBEEF330}.Debug|Any CPU.Build.0 = Debug|Any CPU
		{5D8808DD-E820-4904-ADA3-DDD5EBEEF330}.Release|Any CPU.ActiveCfg = Release|Any CPU
		{5D8808DD-E820-4904-ADA3-DDD5EBEEF330}.Release|Any CPU.Build.0 = Release|Any CPU
		{59CCF95C-7303-4318-A96A-054ECE852C78}.Debug|Any CPU.ActiveCfg = Debug|Any CPU
		{59CCF95C-7303-4318-A96A-054ECE852C78}.Debug|Any CPU.Build.0 = Debug|Any CPU
		{59CCF95C-7303-4318-A96A-054ECE852C78}.Release|Any CPU.ActiveCfg = Release|Any CPU
		{59CCF95C-7303-4318-A96A-054ECE852C78}.Release|Any CPU.Build.0 = Release|Any CPU
		{9DC1F63D-1C8D-41F3-99C9-B619CAE5C0FC}.Debug|Any CPU.ActiveCfg = Debug|Any CPU
		{9DC1F63D-1C8D-41F3-99C9-B619CAE5C0FC}.Debug|Any CPU.Build.0 = Debug|Any CPU
		{9DC1F63D-1C8D-41F3-99C9-B619CAE5C0FC}.Release|Any CPU.ActiveCfg = Release|Any CPU
		{9DC1F63D-1C8D-41F3-99C9-B619CAE5C0FC}.Release|Any CPU.Build.0 = Release|Any CPU
	EndGlobalSection
	GlobalSection(SolutionProperties) = preSolution
		HideSolutionNode = FALSE
	EndGlobalSection
EndGlobal
